
Microsoft Visual Studio Solution File, Format Version 12.00
# Visual Studio Version 16
VisualStudioVersion = 16.0.30011.22
MinimumVisualStudioVersion = 10.0.40219.1
Project("{9A19103F-16F7-4668-BE54-9A1E7A4F7556}") = "BaseApiDocker", "BaseApiDocker.csproj", "{F197EC6D-31B7-485E-9FE4-3B60756E6E60}"
EndProject
Global
	GlobalSection(SolutionConfigurationPlatforms) = preSolution
		Debug|Any CPU = Debug|Any CPU
		Release|Any CPU = Release|Any CPU
	EndGlobalSection
	GlobalSection(ProjectConfigurationPlatforms) = postSolution
		{F197EC6D-31B7-485E-9FE4-3B60756E6E60}.Debug|Any CPU.ActiveCfg = Debug|Any CPU
		{F197EC6D-31B7-485E-9FE4-3B60756E6E60}.Debug|Any CPU.Build.0 = Debug|Any CPU
		{F197EC6D-31B7-485E-9FE4-3B60756E6E60}.Release|Any CPU.ActiveCfg = Release|Any CPU
		{F197EC6D-31B7-485E-9FE4-3B60756E6E60}.Release|Any CPU.Build.0 = Release|Any CPU
	EndGlobalSection
	GlobalSection(SolutionProperties) = preSolution
		HideSolutionNode = FALSE
	EndGlobalSection
	GlobalSection(ExtensibilityGlobals) = postSolution
		SolutionGuid = {A807BE1E-53D2-41F3-8F36-D3F9554AE2EE}
	EndGlobalSection
EndGlobal
